
Microsoft Visual Studio Solution File, Format Version 10.00
# Visual Studio 2008
Project("{FAE04EC0-301F-11D3-BF4B-00C04F79EFBC}") = "MessageDemo", "MessageDemo\MessageDemo.csproj", "{907F742E-1ABF-4F5E-AB73-9CCB05669400}"
EndProject
Project("{FAE04EC0-301F-11D3-BF4B-00C04F79EFBC}") = "LinccerApi", "LinccerApi\LinccerApi.csproj", "{D6E77E24-BBC0-4A8B-B5D6-9DC14800A65A}"
EndProject
Project("{FAE04EC0-301F-11D3-BF4B-00C04F79EFBC}") = "HoccerDemo", "HoccerDemo\HoccerDemo.csproj", "{35BAC5C3-FF33-4AB3-AB6B-E625C2278A65}"
EndProject
Global
	GlobalSection(SolutionConfigurationPlatforms) = preSolution
		Debug|Any CPU = Debug|Any CPU
		Release|Any CPU = Release|Any CPU
	EndGlobalSection
	GlobalSection(ProjectConfigurationPlatforms) = postSolution
		{35BAC5C3-FF33-4AB3-AB6B-E625C2278A65}.Debug|Any CPU.ActiveCfg = Debug|Any CPU
		{35BAC5C3-FF33-4AB3-AB6B-E625C2278A65}.Debug|Any CPU.Build.0 = Debug|Any CPU
		{35BAC5C3-FF33-4AB3-AB6B-E625C2278A65}.Release|Any CPU.ActiveCfg = Release|Any CPU
		{35BAC5C3-FF33-4AB3-AB6B-E625C2278A65}.Release|Any CPU.Build.0 = Release|Any CPU
		{907F742E-1ABF-4F5E-AB73-9CCB05669400}.Debug|Any CPU.ActiveCfg = Debug|Any CPU
		{907F742E-1ABF-4F5E-AB73-9CCB05669400}.Debug|Any CPU.Build.0 = Debug|Any CPU
		{907F742E-1ABF-4F5E-AB73-9CCB05669400}.Release|Any CPU.ActiveCfg = Release|Any CPU
		{907F742E-1ABF-4F5E-AB73-9CCB05669400}.Release|Any CPU.Build.0 = Release|Any CPU
		{D6E77E24-BBC0-4A8B-B5D6-9DC14800A65A}.Debug|Any CPU.ActiveCfg = Debug|Any CPU
		{D6E77E24-BBC0-4A8B-B5D6-9DC14800A65A}.Debug|Any CPU.Build.0 = Debug|Any CPU
		{D6E77E24-BBC0-4A8B-B5D6-9DC14800A65A}.Release|Any CPU.ActiveCfg = Release|Any CPU
		{D6E77E24-BBC0-4A8B-B5D6-9DC14800A65A}.Release|Any CPU.Build.0 = Release|Any CPU
	EndGlobalSection
	GlobalSection(MonoDevelopProperties) = preSolution
		StartupItems = $0
		$0.Item = MessageDemo\MessageDemo.csproj
		Policies = $1
		$1.DotNetNamingPolicy = $2
		$2.DirectoryNamespaceAssociation = None
		$2.ResourceNamePolicy = FileFormatDefault
		$1.TextStylePolicy = $3
		$3.FileWidth = 120
		$3.TabWidth = 4
		$3.inheritsSet = Mono
		$3.inheritsScope = text/plain
		$3.scope = text/plain
		$1.TextStylePolicy = $4
		$4.FileWidth = 20
		$4.RemoveTrailingWhitespace = True
		$4.EolMarker = Unix
		$4.inheritsSet = VisualStudio
		$4.inheritsScope = text/plain
		$4.scope = text/x-csharp
		$1.CSharpFormattingPolicy = $5
		$5.inheritsSet = Mono
		$5.inheritsScope = text/x-csharp
		$5.scope = text/x-csharp
		$1.StandardHeader = $6
		$6.Text = 
		$6.inheritsSet = MITX11License
	EndGlobalSection
EndGlobal
